
Microsoft Visual Studio Solution File, Format Version 12.00
# Visual Studio Version 17
VisualStudioVersion = 17.13.35818.85
MinimumVisualStudioVersion = 10.0.40219.1
Project("{9A19103F-16F7-4668-BE54-9A1E7A4F7556}") = "Evnt-Nxt2", "Evnt-Nxt2\Evnt-Nxt2.csproj", "{36D143AF-B223-47D6-AC2D-A534E4BA6A4B}"
EndProject
Project("{9A19103F-16F7-4668-BE54-9A1E7A4F7556}") = "Evnt-Nxt(DAL)", "Evnt-Nxt(DAL)\Evnt-Nxt(DAL).csproj", "{3395576F-C048-456D-9325-07301039E606}"
EndProject
Project("{9A19103F-16F7-4668-BE54-9A1E7A4F7556}") = "Evnt-Nxt(Business)", "Evnt-Nxt(Business)\Evnt-Nxt(Business).csproj", "{2BDAEF63-9C64-41DC-A661-5AE2178CD398}"
EndProject
Project("{9A19103F-16F7-4668-BE54-9A1E7A4F7556}") = "TestProject1", "TestProject1\TestProject1.csproj", "{D6BF848B-89EA-45D4-9ED7-492F65727888}"
EndProject
Project("{9A19103F-16F7-4668-BE54-9A1E7A4F7556}") = "UserBuysTicketTest", "UserBuysTicketTest\UserBuysTicketTest.csproj", "{94A09FA8-BFFF-4283-BC3E-E655D3AB0731}"
EndProject
Project("{9A19103F-16F7-4668-BE54-9A1E7A4F7556}") = "EventNxtContracts", "EvntNxtDTO\EventNxtContracts.csproj", "{7CBB37C9-506B-4FE2-A085-7263466824D8}"
EndProject
Project("{FAE04EC0-301F-11D3-BF4B-00C04F79EFBC}") = "Domain", "Domain\Domain.csproj", "{5FEA433A-4810-47AB-83C1-24932719BB1D}"
EndProject
Global
	GlobalSection(SolutionConfigurationPlatforms) = preSolution
		Debug|Any CPU = Debug|Any CPU
		Release|Any CPU = Release|Any CPU
	EndGlobalSection
	GlobalSection(ProjectConfigurationPlatforms) = postSolution
		{36D143AF-B223-47D6-AC2D-A534E4BA6A4B}.Debug|Any CPU.ActiveCfg = Debug|Any CPU
		{36D143AF-B223-47D6-AC2D-A534E4BA6A4B}.Debug|Any CPU.Build.0 = Debug|Any CPU
		{36D143AF-B223-47D6-AC2D-A534E4BA6A4B}.Release|Any CPU.ActiveCfg = Release|Any CPU
		{36D143AF-B223-47D6-AC2D-A534E4BA6A4B}.Release|Any CPU.Build.0 = Release|Any CPU
		{3395576F-C048-456D-9325-07301039E606}.Debug|Any CPU.ActiveCfg = Debug|Any CPU
		{3395576F-C048-456D-9325-07301039E606}.Debug|Any CPU.Build.0 = Debug|Any CPU
		{3395576F-C048-456D-9325-07301039E606}.Release|Any CPU.ActiveCfg = Release|Any CPU
		{3395576F-C048-456D-9325-07301039E606}.Release|Any CPU.Build.0 = Release|Any CPU
		{2BDAEF63-9C64-41DC-A661-5AE2178CD398}.Debug|Any CPU.ActiveCfg = Debug|Any CPU
		{2BDAEF63-9C64-41DC-A661-5AE2178CD398}.Debug|Any CPU.Build.0 = Debug|Any CPU
		{2BDAEF63-9C64-41DC-A661-5AE2178CD398}.Release|Any CPU.ActiveCfg = Release|Any CPU
		{2BDAEF63-9C64-41DC-A661-5AE2178CD398}.Release|Any CPU.Build.0 = Release|Any CPU
		{D6BF848B-89EA-45D4-9ED7-492F65727888}.Debug|Any CPU.ActiveCfg = Debug|Any CPU
		{D6BF848B-89EA-45D4-9ED7-492F65727888}.Debug|Any CPU.Build.0 = Debug|Any CPU
		{D6BF848B-89EA-45D4-9ED7-492F65727888}.Release|Any CPU.ActiveCfg = Release|Any CPU
		{D6BF848B-89EA-45D4-9ED7-492F65727888}.Release|Any CPU.Build.0 = Release|Any CPU
		{94A09FA8-BFFF-4283-BC3E-E655D3AB0731}.Debug|Any CPU.ActiveCfg = Debug|Any CPU
		{94A09FA8-BFFF-4283-BC3E-E655D3AB0731}.Debug|Any CPU.Build.0 = Debug|Any CPU
		{94A09FA8-BFFF-4283-BC3E-E655D3AB0731}.Release|Any CPU.ActiveCfg = Release|Any CPU
		{94A09FA8-BFFF-4283-BC3E-E655D3AB0731}.Release|Any CPU.Build.0 = Release|Any CPU
		{7CBB37C9-506B-4FE2-A085-7263466824D8}.Debug|Any CPU.ActiveCfg = Debug|Any CPU
		{7CBB37C9-506B-4FE2-A085-7263466824D8}.Debug|Any CPU.Build.0 = Debug|Any CPU
		{7CBB37C9-506B-4FE2-A085-7263466824D8}.Release|Any CPU.ActiveCfg = Release|Any CPU
		{7CBB37C9-506B-4FE2-A085-7263466824D8}.Release|Any CPU.Build.0 = Release|Any CPU
		{5FEA433A-4810-47AB-83C1-24932719BB1D}.Debug|Any CPU.ActiveCfg = Debug|Any CPU
		{5FEA433A-4810-47AB-83C1-24932719BB1D}.Debug|Any CPU.Build.0 = Debug|Any CPU
		{5FEA433A-4810-47AB-83C1-24932719BB1D}.Release|Any CPU.ActiveCfg = Release|Any CPU
		{5FEA433A-4810-47AB-83C1-24932719BB1D}.Release|Any CPU.Build.0 = Release|Any CPU
	EndGlobalSection
	GlobalSection(SolutionProperties) = preSolution
		HideSolutionNode = FALSE
	EndGlobalSection
	GlobalSection(ExtensibilityGlobals) = postSolution
		SolutionGuid = {6BFB8B31-2F2C-495B-B6A3-993474CA0CBE}
	EndGlobalSection
EndGlobal
